
Microsoft Visual Studio Solution File, Format Version 12.00
# Visual Studio Version 17
VisualStudioVersion = 17.11.35327.3
MinimumVisualStudioVersion = 10.0.40219.1
Project("{9A19103F-16F7-4668-BE54-9A1E7A4F7556}") = "T01_Weapon", "T01_Weapon\T01_Weapon.csproj", "{17F450F8-D955-4A96-84DA-7020D3DD1147}"
EndProject
Project("{9A19103F-16F7-4668-BE54-9A1E7A4F7556}") = "T02_WebMarket", "T02_WebMarket\T02_WebMarket.csproj", "{A7455D62-E288-4ABB-869E-5D6E3164DCA0}"
EndProject
Project("{9A19103F-16F7-4668-BE54-9A1E7A4F7556}") = "T03_Logger", "T03_Logger\T03_Logger.csproj", "{1E46D744-6545-4503-8F9B-059D317827E7}"
EndProject
Project("{9A19103F-16F7-4668-BE54-9A1E7A4F7556}") = "T04_PaymentSystem", "T04_PaymentSystem\T04_PaymentSystem.csproj", "{1511494B-871A-45B4-83F0-4E478D7228DF}"
EndProject
Project("{9A19103F-16F7-4668-BE54-9A1E7A4F7556}") = "T05_RenameMethods", "T05_RenameMethods\T05_RenameMethods.csproj", "{EC024BC4-5429-4820-90A9-A38CBBB51C2E}"
EndProject
Project("{9A19103F-16F7-4668-BE54-9A1E7A4F7556}") = "T06_RenameMethodsBySimpleEnglish", "T06_RenameMethodsBySimpleEnglish\T06_RenameMethodsBySimpleEnglish.csproj", "{CC6382F4-6936-4BDA-83EA-C5B8DDBAE6AB}"
EndProject
Project("{9A19103F-16F7-4668-BE54-9A1E7A4F7556}") = "T07_RenameMagicValueToConstant", "T07_RenameMagicValueToConstant\T07_RenameMagicValueToConstant.csproj", "{439EB0DE-BBB7-4E69-B95B-A3FFC27DCDA9}"
EndProject
Project("{9A19103F-16F7-4668-BE54-9A1E7A4F7556}") = "T08_AgainstHungarianNotation", "T08_AgainstHungarianNotation\T08_AgainstHungarianNotation.csproj", "{1D91203B-E519-4826-BB28-10FC351CBD12}"
EndProject
Project("{9A19103F-16F7-4668-BE54-9A1E7A4F7556}") = "T09_ChangeNameFromSubjectName", "T09_ChangeNameFromSubjectName\T09_ChangeNameFromSubjectName.csproj", "{285A9579-A6C5-46E2-B7F9-71806883E526}"
EndProject
Project("{9A19103F-16F7-4668-BE54-9A1E7A4F7556}") = "T10_ClassNameAreNouns", "T10_ClassNameAreNouns\T10_ClassNameAreNouns.csproj", "{1307445D-848B-4567-9BF8-57276290F6A4}"
EndProject
Project("{9A19103F-16F7-4668-BE54-9A1E7A4F7556}") = "T11_MethodsSetter", "T11_MethodsSetter\T11_MethodsSetter.csproj", "{B6E3E948-147C-4DA3-9A43-499AF57E9DE1}"
EndProject
Project("{9A19103F-16F7-4668-BE54-9A1E7A4F7556}") = "T12_GroupFieldsByPrefix", "T12_GroupFieldsByPrefix\T12_GroupFieldsByPrefix.csproj", "{D321456F-A301-40B6-BDF1-7ED015020E3D}"
EndProject
Project("{9A19103F-16F7-4668-BE54-9A1E7A4F7556}") = "T13_Code_Refactoring", "T13_Code_Refactoring\T13_Code_Refactoring.csproj", "{D2220F2B-2AC6-491C-8EEE-A47367027A55}"
EndProject
Project("{9A19103F-16F7-4668-BE54-9A1E7A4F7556}") = "T14_Polimorfism", "T14_Polimorfism\T14_Polimorfism.csproj", "{A5D422CF-0E27-4F21-B144-0869BA6FD94D}"
EndProject
Project("{9A19103F-16F7-4668-BE54-9A1E7A4F7556}") = "T15_ArgumentsFlagsAreBad", "T15_ArgumentsFlagsAreBad\T15_ArgumentsFlagsAreBad.csproj", "{7BBD9448-F098-4396-B923-F96011DE3B9B}"
EndProject
Project("{9A19103F-16F7-4668-BE54-9A1E7A4F7556}") = "T16_DuplicateName", "T16_DuplicateName\T16_DuplicateName.csproj", "{99F6BBC5-78E1-4705-A59B-CB2F1DF61A96}"
EndProject
Global
	GlobalSection(SolutionConfigurationPlatforms) = preSolution
		Debug|Any CPU = Debug|Any CPU
		Release|Any CPU = Release|Any CPU
	EndGlobalSection
	GlobalSection(ProjectConfigurationPlatforms) = postSolution
		{17F450F8-D955-4A96-84DA-7020D3DD1147}.Debug|Any CPU.ActiveCfg = Debug|Any CPU
		{17F450F8-D955-4A96-84DA-7020D3DD1147}.Debug|Any CPU.Build.0 = Debug|Any CPU
		{17F450F8-D955-4A96-84DA-7020D3DD1147}.Release|Any CPU.ActiveCfg = Release|Any CPU
		{17F450F8-D955-4A96-84DA-7020D3DD1147}.Release|Any CPU.Build.0 = Release|Any CPU
		{A7455D62-E288-4ABB-869E-5D6E3164DCA0}.Debug|Any CPU.ActiveCfg = Debug|Any CPU
		{A7455D62-E288-4ABB-869E-5D6E3164DCA0}.Debug|Any CPU.Build.0 = Debug|Any CPU
		{A7455D62-E288-4ABB-869E-5D6E3164DCA0}.Release|Any CPU.ActiveCfg = Release|Any CPU
		{A7455D62-E288-4ABB-869E-5D6E3164DCA0}.Release|Any CPU.Build.0 = Release|Any CPU
		{1E46D744-6545-4503-8F9B-059D317827E7}.Debug|Any CPU.ActiveCfg = Debug|Any CPU
		{1E46D744-6545-4503-8F9B-059D317827E7}.Debug|Any CPU.Build.0 = Debug|Any CPU
		{1E46D744-6545-4503-8F9B-059D317827E7}.Release|Any CPU.ActiveCfg = Release|Any CPU
		{1E46D744-6545-4503-8F9B-059D317827E7}.Release|Any CPU.Build.0 = Release|Any CPU
		{1511494B-871A-45B4-83F0-4E478D7228DF}.Debug|Any CPU.ActiveCfg = Debug|Any CPU
		{1511494B-871A-45B4-83F0-4E478D7228DF}.Debug|Any CPU.Build.0 = Debug|Any CPU
		{1511494B-871A-45B4-83F0-4E478D7228DF}.Release|Any CPU.ActiveCfg = Release|Any CPU
		{1511494B-871A-45B4-83F0-4E478D7228DF}.Release|Any CPU.Build.0 = Release|Any CPU
		{EC024BC4-5429-4820-90A9-A38CBBB51C2E}.Debug|Any CPU.ActiveCfg = Debug|Any CPU
		{EC024BC4-5429-4820-90A9-A38CBBB51C2E}.Debug|Any CPU.Build.0 = Debug|Any CPU
		{EC024BC4-5429-4820-90A9-A38CBBB51C2E}.Release|Any CPU.ActiveCfg = Release|Any CPU
		{EC024BC4-5429-4820-90A9-A38CBBB51C2E}.Release|Any CPU.Build.0 = Release|Any CPU
		{CC6382F4-6936-4BDA-83EA-C5B8DDBAE6AB}.Debug|Any CPU.ActiveCfg = Debug|Any CPU
		{CC6382F4-6936-4BDA-83EA-C5B8DDBAE6AB}.Debug|Any CPU.Build.0 = Debug|Any CPU
		{CC6382F4-6936-4BDA-83EA-C5B8DDBAE6AB}.Release|Any CPU.ActiveCfg = Release|Any CPU
		{CC6382F4-6936-4BDA-83EA-C5B8DDBAE6AB}.Release|Any CPU.Build.0 = Release|Any CPU
		{439EB0DE-BBB7-4E69-B95B-A3FFC27DCDA9}.Debug|Any CPU.ActiveCfg = Debug|Any CPU
		{439EB0DE-BBB7-4E69-B95B-A3FFC27DCDA9}.Debug|Any CPU.Build.0 = Debug|Any CPU
		{439EB0DE-BBB7-4E69-B95B-A3FFC27DCDA9}.Release|Any CPU.ActiveCfg = Release|Any CPU
		{439EB0DE-BBB7-4E69-B95B-A3FFC27DCDA9}.Release|Any CPU.Build.0 = Release|Any CPU
		{1D91203B-E519-4826-BB28-10FC351CBD12}.Debug|Any CPU.ActiveCfg = Debug|Any CPU
		{1D91203B-E519-4826-BB28-10FC351CBD12}.Debug|Any CPU.Build.0 = Debug|Any CPU
		{1D91203B-E519-4826-BB28-10FC351CBD12}.Release|Any CPU.ActiveCfg = Release|Any CPU
		{1D91203B-E519-4826-BB28-10FC351CBD12}.Release|Any CPU.Build.0 = Release|Any CPU
		{285A9579-A6C5-46E2-B7F9-71806883E526}.Debug|Any CPU.ActiveCfg = Debug|Any CPU
		{285A9579-A6C5-46E2-B7F9-71806883E526}.Debug|Any CPU.Build.0 = Debug|Any CPU
		{285A9579-A6C5-46E2-B7F9-71806883E526}.Release|Any CPU.ActiveCfg = Release|Any CPU
		{285A9579-A6C5-46E2-B7F9-71806883E526}.Release|Any CPU.Build.0 = Release|Any CPU
		{1307445D-848B-4567-9BF8-57276290F6A4}.Debug|Any CPU.ActiveCfg = Debug|Any CPU
		{1307445D-848B-4567-9BF8-57276290F6A4}.Debug|Any CPU.Build.0 = Debug|Any CPU
		{1307445D-848B-4567-9BF8-57276290F6A4}.Release|Any CPU.ActiveCfg = Release|Any CPU
		{1307445D-848B-4567-9BF8-57276290F6A4}.Release|Any CPU.Build.0 = Release|Any CPU
		{B6E3E948-147C-4DA3-9A43-499AF57E9DE1}.Debug|Any CPU.ActiveCfg = Debug|Any CPU
		{B6E3E948-147C-4DA3-9A43-499AF57E9DE1}.Debug|Any CPU.Build.0 = Debug|Any CPU
		{B6E3E948-147C-4DA3-9A43-499AF57E9DE1}.Release|Any CPU.ActiveCfg = Release|Any CPU
		{B6E3E948-147C-4DA3-9A43-499AF57E9DE1}.Release|Any CPU.Build.0 = Release|Any CPU
		{D321456F-A301-40B6-BDF1-7ED015020E3D}.Debug|Any CPU.ActiveCfg = Debug|Any CPU
		{D321456F-A301-40B6-BDF1-7ED015020E3D}.Debug|Any CPU.Build.0 = Debug|Any CPU
		{D321456F-A301-40B6-BDF1-7ED015020E3D}.Release|Any CPU.ActiveCfg = Release|Any CPU
		{D321456F-A301-40B6-BDF1-7ED015020E3D}.Release|Any CPU.Build.0 = Release|Any CPU
		{D2220F2B-2AC6-491C-8EEE-A47367027A55}.Debug|Any CPU.ActiveCfg = Debug|Any CPU
		{D2220F2B-2AC6-491C-8EEE-A47367027A55}.Debug|Any CPU.Build.0 = Debug|Any CPU
		{D2220F2B-2AC6-491C-8EEE-A47367027A55}.Release|Any CPU.ActiveCfg = Release|Any CPU
		{D2220F2B-2AC6-491C-8EEE-A47367027A55}.Release|Any CPU.Build.0 = Release|Any CPU
		{A5D422CF-0E27-4F21-B144-0869BA6FD94D}.Debug|Any CPU.ActiveCfg = Debug|Any CPU
		{A5D422CF-0E27-4F21-B144-0869BA6FD94D}.Debug|Any CPU.Build.0 = Debug|Any CPU
		{A5D422CF-0E27-4F21-B144-0869BA6FD94D}.Release|Any CPU.ActiveCfg = Release|Any CPU
		{A5D422CF-0E27-4F21-B144-0869BA6FD94D}.Release|Any CPU.Build.0 = Release|Any CPU
		{7BBD9448-F098-4396-B923-F96011DE3B9B}.Debug|Any CPU.ActiveCfg = Debug|Any CPU
		{7BBD9448-F098-4396-B923-F96011DE3B9B}.Debug|Any CPU.Build.0 = Debug|Any CPU
		{7BBD9448-F098-4396-B923-F96011DE3B9B}.Release|Any CPU.ActiveCfg = Release|Any CPU
		{7BBD9448-F098-4396-B923-F96011DE3B9B}.Release|Any CPU.Build.0 = Release|Any CPU
		{99F6BBC5-78E1-4705-A59B-CB2F1DF61A96}.Debug|Any CPU.ActiveCfg = Debug|Any CPU
		{99F6BBC5-78E1-4705-A59B-CB2F1DF61A96}.Debug|Any CPU.Build.0 = Debug|Any CPU
		{99F6BBC5-78E1-4705-A59B-CB2F1DF61A96}.Release|Any CPU.ActiveCfg = Release|Any CPU
		{99F6BBC5-78E1-4705-A59B-CB2F1DF61A96}.Release|Any CPU.Build.0 = Release|Any CPU
	EndGlobalSection
	GlobalSection(SolutionProperties) = preSolution
		HideSolutionNode = FALSE
	EndGlobalSection
	GlobalSection(ExtensibilityGlobals) = postSolution
		SolutionGuid = {5C6EA581-F40C-431C-BEC4-B8A59485E308}
	EndGlobalSection
EndGlobal
