
Microsoft Visual Studio Solution File, Format Version 12.00
# Visual Studio Version 17
VisualStudioVersion = 17.11.35327.3
MinimumVisualStudioVersion = 10.0.40219.1
Project("{FAE04EC0-301F-11D3-BF4B-00C04F79EFBC}") = "T01_Weapon", "T01_Weapon\T01_Weapon.csproj", "{17F450F8-D955-4A96-84DA-7020D3DD1147}"
EndProject
Project("{FAE04EC0-301F-11D3-BF4B-00C04F79EFBC}") = "T02_WebMarket", "T02_WebMarket\T02_WebMarket.csproj", "{A7455D62-E288-4ABB-869E-5D6E3164DCA0}"
EndProject
Project("{FAE04EC0-301F-11D3-BF4B-00C04F79EFBC}") = "T02_Test", "T02_Test\T02_Test.csproj", "{59179475-2137-43F8-BDA0-FB3040DF24CF}"
EndProject
Global
	GlobalSection(SolutionConfigurationPlatforms) = preSolution
		Debug|Any CPU = Debug|Any CPU
		Release|Any CPU = Release|Any CPU
	EndGlobalSection
	GlobalSection(ProjectConfigurationPlatforms) = postSolution
		{17F450F8-D955-4A96-84DA-7020D3DD1147}.Debug|Any CPU.ActiveCfg = Debug|Any CPU
		{17F450F8-D955-4A96-84DA-7020D3DD1147}.Debug|Any CPU.Build.0 = Debug|Any CPU
		{17F450F8-D955-4A96-84DA-7020D3DD1147}.Release|Any CPU.ActiveCfg = Release|Any CPU
		{17F450F8-D955-4A96-84DA-7020D3DD1147}.Release|Any CPU.Build.0 = Release|Any CPU
		{A7455D62-E288-4ABB-869E-5D6E3164DCA0}.Debug|Any CPU.ActiveCfg = Debug|Any CPU
		{A7455D62-E288-4ABB-869E-5D6E3164DCA0}.Debug|Any CPU.Build.0 = Debug|Any CPU
		{A7455D62-E288-4ABB-869E-5D6E3164DCA0}.Release|Any CPU.ActiveCfg = Release|Any CPU
		{A7455D62-E288-4ABB-869E-5D6E3164DCA0}.Release|Any CPU.Build.0 = Release|Any CPU
		{59179475-2137-43F8-BDA0-FB3040DF24CF}.Debug|Any CPU.ActiveCfg = Debug|Any CPU
		{59179475-2137-43F8-BDA0-FB3040DF24CF}.Debug|Any CPU.Build.0 = Debug|Any CPU
		{59179475-2137-43F8-BDA0-FB3040DF24CF}.Release|Any CPU.ActiveCfg = Release|Any CPU
		{59179475-2137-43F8-BDA0-FB3040DF24CF}.Release|Any CPU.Build.0 = Release|Any CPU
	EndGlobalSection
	GlobalSection(SolutionProperties) = preSolution
		HideSolutionNode = FALSE
	EndGlobalSection
	GlobalSection(ExtensibilityGlobals) = postSolution
		SolutionGuid = {5C6EA581-F40C-431C-BEC4-B8A59485E308}
	EndGlobalSection
EndGlobal
